// !$*UTF8*$!
{
	archiveVersion = 1;
	classes = {
	};
	objectVersion = 56;
	objects = {

/* Begin PBXBuildFile section */
		8A60D65929154EAE00F69F7D /* TodoV2App.swift in Sources */ = {isa = PBXBuildFile; fileRef = 8A60D65829154EAE00F69F7D /* TodoV2App.swift */; };
		8A60D65B29154EAE00F69F7D /* ContentView.swift in Sources */ = {isa = PBXBuildFile; fileRef = 8A60D65A29154EAE00F69F7D /* ContentView.swift */; };
		8A60D65D29154EAF00F69F7D /* Assets.xcassets in Resources */ = {isa = PBXBuildFile; fileRef = 8A60D65C29154EAF00F69F7D /* Assets.xcassets */; };
		8A60D66029154EAF00F69F7D /* Preview Assets.xcassets in Resources */ = {isa = PBXBuildFile; fileRef = 8A60D65F29154EAF00F69F7D /* Preview Assets.xcassets */; };
		8A60D66A29154EAF00F69F7D /* TodoV2Tests.swift in Sources */ = {isa = PBXBuildFile; fileRef = 8A60D66929154EAF00F69F7D /* TodoV2Tests.swift */; };
		8A60D67429154EAF00F69F7D /* TodoV2UITests.swift in Sources */ = {isa = PBXBuildFile; fileRef = 8A60D67329154EAF00F69F7D /* TodoV2UITests.swift */; };
		8A60D67629154EAF00F69F7D /* TodoV2UITestsLaunchTests.swift in Sources */ = {isa = PBXBuildFile; fileRef = 8A60D67529154EAF00F69F7D /* TodoV2UITestsLaunchTests.swift */; };
		8A60D68429154ECD00F69F7D /* SharedTodosView.swift in Sources */ = {isa = PBXBuildFile; fileRef = 8A60D68329154ECD00F69F7D /* SharedTodosView.swift */; };
		8A60D68629154F2900F69F7D /* PrivateTodosView.swift in Sources */ = {isa = PBXBuildFile; fileRef = 8A60D68529154F2900F69F7D /* PrivateTodosView.swift */; };
		8A60D68C29155A2500F69F7D /* SignInView.swift in Sources */ = {isa = PBXBuildFile; fileRef = 8A60D68B29155A2500F69F7D /* SignInView.swift */; };
		8A60D68E29155A3300F69F7D /* SignUpView.swift in Sources */ = {isa = PBXBuildFile; fileRef = 8A60D68D29155A3300F69F7D /* SignUpView.swift */; };
		8A60D69129155A7400F69F7D /* CustomGradient.swift in Sources */ = {isa = PBXBuildFile; fileRef = 8A60D69029155A7400F69F7D /* CustomGradient.swift */; };
		8A60D69329155AFF00F69F7D /* CustomInput.swift in Sources */ = {isa = PBXBuildFile; fileRef = 8A60D69229155AFF00F69F7D /* CustomInput.swift */; };
		8A60D69529155BAF00F69F7D /* CustomButton.swift in Sources */ = {isa = PBXBuildFile; fileRef = 8A60D69429155BAF00F69F7D /* CustomButton.swift */; };
		8A60D69729155C1900F69F7D /* TextGradient.swift in Sources */ = {isa = PBXBuildFile; fileRef = 8A60D69629155C1900F69F7D /* TextGradient.swift */; };
		8A60D69929155D6100F69F7D /* GoogleService-Info.plist in Resources */ = {isa = PBXBuildFile; fileRef = 8A60D69829155D6100F69F7D /* GoogleService-Info.plist */; };
		8A60D69A29155D6100F69F7D /* GoogleService-Info.plist in Resources */ = {isa = PBXBuildFile; fileRef = 8A60D69829155D6100F69F7D /* GoogleService-Info.plist */; };
		8A60D69B29155D6200F69F7D /* GoogleService-Info.plist in Resources */ = {isa = PBXBuildFile; fileRef = 8A60D69829155D6100F69F7D /* GoogleService-Info.plist */; };
		8A60D69E29155E2300F69F7D /* FirebaseAuth in Frameworks */ = {isa = PBXBuildFile; productRef = 8A60D69D29155E2300F69F7D /* FirebaseAuth */; };
		8A60D6A029155E2300F69F7D /* FirebaseDatabase in Frameworks */ = {isa = PBXBuildFile; productRef = 8A60D69F29155E2300F69F7D /* FirebaseDatabase */; };
		8A60D6A229155E2300F69F7D /* FirebaseFirestoreSwift in Frameworks */ = {isa = PBXBuildFile; productRef = 8A60D6A129155E2300F69F7D /* FirebaseFirestoreSwift */; };
		8A60D6A429155F0200F69F7D /* DatabaseConnection.swift in Sources */ = {isa = PBXBuildFile; fileRef = 8A60D6A329155F0200F69F7D /* DatabaseConnection.swift */; };
		8A60D6A529155F0200F69F7D /* DatabaseConnection.swift in Sources */ = {isa = PBXBuildFile; fileRef = 8A60D6A329155F0200F69F7D /* DatabaseConnection.swift */; };
		8A60D6A629155F0200F69F7D /* DatabaseConnection.swift in Sources */ = {isa = PBXBuildFile; fileRef = 8A60D6A329155F0200F69F7D /* DatabaseConnection.swift */; };
		8A60D6A929155F4E00F69F7D /* TodoModel.swift in Sources */ = {isa = PBXBuildFile; fileRef = 8A60D6A829155F4E00F69F7D /* TodoModel.swift */; };
		8A60D6AA29155F4E00F69F7D /* TodoModel.swift in Sources */ = {isa = PBXBuildFile; fileRef = 8A60D6A829155F4E00F69F7D /* TodoModel.swift */; };
		8A60D6AB29155F4E00F69F7D /* TodoModel.swift in Sources */ = {isa = PBXBuildFile; fileRef = 8A60D6A829155F4E00F69F7D /* TodoModel.swift */; };
		8A60D6AD29155F5A00F69F7D /* TaskModel.swift in Sources */ = {isa = PBXBuildFile; fileRef = 8A60D6AC29155F5A00F69F7D /* TaskModel.swift */; };
		8A60D6AE29155F5A00F69F7D /* TaskModel.swift in Sources */ = {isa = PBXBuildFile; fileRef = 8A60D6AC29155F5A00F69F7D /* TaskModel.swift */; };
		8A60D6AF29155F5A00F69F7D /* TaskModel.swift in Sources */ = {isa = PBXBuildFile; fileRef = 8A60D6AC29155F5A00F69F7D /* TaskModel.swift */; };
		8A60D6B129155F6500F69F7D /* UserDocument.swift in Sources */ = {isa = PBXBuildFile; fileRef = 8A60D6B029155F6500F69F7D /* UserDocument.swift */; };
		8A60D6B229155F6500F69F7D /* UserDocument.swift in Sources */ = {isa = PBXBuildFile; fileRef = 8A60D6B029155F6500F69F7D /* UserDocument.swift */; };
		8A60D6B329155F6500F69F7D /* UserDocument.swift in Sources */ = {isa = PBXBuildFile; fileRef = 8A60D6B029155F6500F69F7D /* UserDocument.swift */; };
		8A60D6B52919E50100F69F7D /* MainPageView.swift in Sources */ = {isa = PBXBuildFile; fileRef = 8A60D6B42919E50000F69F7D /* MainPageView.swift */; };
		8A60D6B62919E50100F69F7D /* MainPageView.swift in Sources */ = {isa = PBXBuildFile; fileRef = 8A60D6B42919E50000F69F7D /* MainPageView.swift */; };
		8A60D6B72919E50100F69F7D /* MainPageView.swift in Sources */ = {isa = PBXBuildFile; fileRef = 8A60D6B42919E50000F69F7D /* MainPageView.swift */; };
/* End PBXBuildFile section */

/* Begin PBXContainerItemProxy section */
		8A60D66629154EAF00F69F7D /* PBXContainerItemProxy */ = {
			isa = PBXContainerItemProxy;
			containerPortal = 8A60D64D29154EAE00F69F7D /* Project object */;
			proxyType = 1;
			remoteGlobalIDString = 8A60D65429154EAE00F69F7D;
			remoteInfo = TodoV2;
		};
		8A60D67029154EAF00F69F7D /* PBXContainerItemProxy */ = {
			isa = PBXContainerItemProxy;
			containerPortal = 8A60D64D29154EAE00F69F7D /* Project object */;
			proxyType = 1;
			remoteGlobalIDString = 8A60D65429154EAE00F69F7D;
			remoteInfo = TodoV2;
		};
/* End PBXContainerItemProxy section */

/* Begin PBXFileReference section */
		8A60D65529154EAE00F69F7D /* TodoV2.app */ = {isa = PBXFileReference; explicitFileType = wrapper.application; includeInIndex = 0; path = TodoV2.app; sourceTree = BUILT_PRODUCTS_DIR; };
		8A60D65829154EAE00F69F7D /* TodoV2App.swift */ = {isa = PBXFileReference; lastKnownFileType = sourcecode.swift; path = TodoV2App.swift; sourceTree = "<group>"; };
		8A60D65A29154EAE00F69F7D /* ContentView.swift */ = {isa = PBXFileReference; lastKnownFileType = sourcecode.swift; path = ContentView.swift; sourceTree = "<group>"; };
		8A60D65C29154EAF00F69F7D /* Assets.xcassets */ = {isa = PBXFileReference; lastKnownFileType = folder.assetcatalog; path = Assets.xcassets; sourceTree = "<group>"; };
		8A60D65F29154EAF00F69F7D /* Preview Assets.xcassets */ = {isa = PBXFileReference; lastKnownFileType = folder.assetcatalog; path = "Preview Assets.xcassets"; sourceTree = "<group>"; };
		8A60D66529154EAF00F69F7D /* TodoV2Tests.xctest */ = {isa = PBXFileReference; explicitFileType = wrapper.cfbundle; includeInIndex = 0; path = TodoV2Tests.xctest; sourceTree = BUILT_PRODUCTS_DIR; };
		8A60D66929154EAF00F69F7D /* TodoV2Tests.swift */ = {isa = PBXFileReference; lastKnownFileType = sourcecode.swift; path = TodoV2Tests.swift; sourceTree = "<group>"; };
		8A60D66F29154EAF00F69F7D /* TodoV2UITests.xctest */ = {isa = PBXFileReference; explicitFileType = wrapper.cfbundle; includeInIndex = 0; path = TodoV2UITests.xctest; sourceTree = BUILT_PRODUCTS_DIR; };
		8A60D67329154EAF00F69F7D /* TodoV2UITests.swift */ = {isa = PBXFileReference; lastKnownFileType = sourcecode.swift; path = TodoV2UITests.swift; sourceTree = "<group>"; };
		8A60D67529154EAF00F69F7D /* TodoV2UITestsLaunchTests.swift */ = {isa = PBXFileReference; lastKnownFileType = sourcecode.swift; path = TodoV2UITestsLaunchTests.swift; sourceTree = "<group>"; };
		8A60D68329154ECD00F69F7D /* SharedTodosView.swift */ = {isa = PBXFileReference; lastKnownFileType = sourcecode.swift; path = SharedTodosView.swift; sourceTree = "<group>"; };
		8A60D68529154F2900F69F7D /* PrivateTodosView.swift */ = {isa = PBXFileReference; lastKnownFileType = sourcecode.swift; path = PrivateTodosView.swift; sourceTree = "<group>"; };
		8A60D68B29155A2500F69F7D /* SignInView.swift */ = {isa = PBXFileReference; lastKnownFileType = sourcecode.swift; path = SignInView.swift; sourceTree = "<group>"; };
		8A60D68D29155A3300F69F7D /* SignUpView.swift */ = {isa = PBXFileReference; lastKnownFileType = sourcecode.swift; path = SignUpView.swift; sourceTree = "<group>"; };
		8A60D69029155A7400F69F7D /* CustomGradient.swift */ = {isa = PBXFileReference; lastKnownFileType = sourcecode.swift; path = CustomGradient.swift; sourceTree = "<group>"; };
		8A60D69229155AFF00F69F7D /* CustomInput.swift */ = {isa = PBXFileReference; lastKnownFileType = sourcecode.swift; path = CustomInput.swift; sourceTree = "<group>"; };
		8A60D69429155BAF00F69F7D /* CustomButton.swift */ = {isa = PBXFileReference; lastKnownFileType = sourcecode.swift; path = CustomButton.swift; sourceTree = "<group>"; };
		8A60D69629155C1900F69F7D /* TextGradient.swift */ = {isa = PBXFileReference; lastKnownFileType = sourcecode.swift; path = TextGradient.swift; sourceTree = "<group>"; };
		8A60D69829155D6100F69F7D /* GoogleService-Info.plist */ = {isa = PBXFileReference; fileEncoding = 4; lastKnownFileType = text.plist.xml; path = "GoogleService-Info.plist"; sourceTree = "<group>"; };
		8A60D6A329155F0200F69F7D /* DatabaseConnection.swift */ = {isa = PBXFileReference; lastKnownFileType = sourcecode.swift; path = DatabaseConnection.swift; sourceTree = "<group>"; };
		8A60D6A829155F4E00F69F7D /* TodoModel.swift */ = {isa = PBXFileReference; lastKnownFileType = sourcecode.swift; path = TodoModel.swift; sourceTree = "<group>"; };
		8A60D6AC29155F5A00F69F7D /* TaskModel.swift */ = {isa = PBXFileReference; lastKnownFileType = sourcecode.swift; path = TaskModel.swift; sourceTree = "<group>"; };
		8A60D6B029155F6500F69F7D /* UserDocument.swift */ = {isa = PBXFileReference; lastKnownFileType = sourcecode.swift; path = UserDocument.swift; sourceTree = "<group>"; };
		8A60D6B42919E50000F69F7D /* MainPageView.swift */ = {isa = PBXFileReference; lastKnownFileType = sourcecode.swift; path = MainPageView.swift; sourceTree = "<group>"; };
/* End PBXFileReference section */

/* Begin PBXFrameworksBuildPhase section */
		8A60D65229154EAE00F69F7D /* Frameworks */ = {
			isa = PBXFrameworksBuildPhase;
			buildActionMask = 2147483647;
			files = (
				8A60D6A029155E2300F69F7D /* FirebaseDatabase in Frameworks */,
				8A60D69E29155E2300F69F7D /* FirebaseAuth in Frameworks */,
				8A60D6A229155E2300F69F7D /* FirebaseFirestoreSwift in Frameworks */,
			);
			runOnlyForDeploymentPostprocessing = 0;
		};
		8A60D66229154EAF00F69F7D /* Frameworks */ = {
			isa = PBXFrameworksBuildPhase;
			buildActionMask = 2147483647;
			files = (
			);
			runOnlyForDeploymentPostprocessing = 0;
		};
		8A60D66C29154EAF00F69F7D /* Frameworks */ = {
			isa = PBXFrameworksBuildPhase;
			buildActionMask = 2147483647;
			files = (
			);
			runOnlyForDeploymentPostprocessing = 0;
		};
/* End PBXFrameworksBuildPhase section */

/* Begin PBXGroup section */
		8A60D64C29154EAE00F69F7D = {
			isa = PBXGroup;
			children = (
				8A60D65729154EAE00F69F7D /* TodoV2 */,
				8A60D66829154EAF00F69F7D /* TodoV2Tests */,
				8A60D67229154EAF00F69F7D /* TodoV2UITests */,
				8A60D65629154EAE00F69F7D /* Products */,
			);
			sourceTree = "<group>";
		};
		8A60D65629154EAE00F69F7D /* Products */ = {
			isa = PBXGroup;
			children = (
				8A60D65529154EAE00F69F7D /* TodoV2.app */,
				8A60D66529154EAF00F69F7D /* TodoV2Tests.xctest */,
				8A60D66F29154EAF00F69F7D /* TodoV2UITests.xctest */,
			);
			name = Products;
			sourceTree = "<group>";
		};
		8A60D65729154EAE00F69F7D /* TodoV2 */ = {
			isa = PBXGroup;
			children = (
				8A60D6A729155F2F00F69F7D /* DTO */,
				8A60D68F29155A6200F69F7D /* Components */,
				8A60D68A29155A1100F69F7D /* Unauthenticated */,
				8A60D68229154EBB00F69F7D /* Authenticated */,
				8A60D65829154EAE00F69F7D /* TodoV2App.swift */,
				8A60D6A329155F0200F69F7D /* DatabaseConnection.swift */,
				8A60D65A29154EAE00F69F7D /* ContentView.swift */,
				8A60D69829155D6100F69F7D /* GoogleService-Info.plist */,
				8A60D65C29154EAF00F69F7D /* Assets.xcassets */,
				8A60D65E29154EAF00F69F7D /* Preview Content */,
			);
			path = TodoV2;
			sourceTree = "<group>";
		};
		8A60D65E29154EAF00F69F7D /* Preview Content */ = {
			isa = PBXGroup;
			children = (
				8A60D65F29154EAF00F69F7D /* Preview Assets.xcassets */,
			);
			path = "Preview Content";
			sourceTree = "<group>";
		};
		8A60D66829154EAF00F69F7D /* TodoV2Tests */ = {
			isa = PBXGroup;
			children = (
				8A60D66929154EAF00F69F7D /* TodoV2Tests.swift */,
			);
			path = TodoV2Tests;
			sourceTree = "<group>";
		};
		8A60D67229154EAF00F69F7D /* TodoV2UITests */ = {
			isa = PBXGroup;
			children = (
				8A60D67329154EAF00F69F7D /* TodoV2UITests.swift */,
				8A60D67529154EAF00F69F7D /* TodoV2UITestsLaunchTests.swift */,
			);
			path = TodoV2UITests;
			sourceTree = "<group>";
		};
		8A60D68229154EBB00F69F7D /* Authenticated */ = {
			isa = PBXGroup;
			children = (
				8A60D68329154ECD00F69F7D /* SharedTodosView.swift */,
				8A60D68529154F2900F69F7D /* PrivateTodosView.swift */,
				8A60D6B42919E50000F69F7D /* MainPageView.swift */,
			);
			path = Authenticated;
			sourceTree = "<group>";
		};
		8A60D68A29155A1100F69F7D /* Unauthenticated */ = {
			isa = PBXGroup;
			children = (
				8A60D68B29155A2500F69F7D /* SignInView.swift */,
				8A60D68D29155A3300F69F7D /* SignUpView.swift */,
			);
			path = Unauthenticated;
			sourceTree = "<group>";
		};
		8A60D68F29155A6200F69F7D /* Components */ = {
			isa = PBXGroup;
			children = (
				8A60D69029155A7400F69F7D /* CustomGradient.swift */,
				8A60D69229155AFF00F69F7D /* CustomInput.swift */,
				8A60D69429155BAF00F69F7D /* CustomButton.swift */,
				8A60D69629155C1900F69F7D /* TextGradient.swift */,
			);
			path = Components;
			sourceTree = "<group>";
		};
		8A60D6A729155F2F00F69F7D /* DTO */ = {
			isa = PBXGroup;
			children = (
				8A60D6A829155F4E00F69F7D /* TodoModel.swift */,
				8A60D6AC29155F5A00F69F7D /* TaskModel.swift */,
				8A60D6B029155F6500F69F7D /* UserDocument.swift */,
			);
			path = DTO;
			sourceTree = "<group>";
		};
/* End PBXGroup section */

/* Begin PBXNativeTarget section */
		8A60D65429154EAE00F69F7D /* TodoV2 */ = {
			isa = PBXNativeTarget;
			buildConfigurationList = 8A60D67929154EAF00F69F7D /* Build configuration list for PBXNativeTarget "TodoV2" */;
			buildPhases = (
				8A60D65129154EAE00F69F7D /* Sources */,
				8A60D65229154EAE00F69F7D /* Frameworks */,
				8A60D65329154EAE00F69F7D /* Resources */,
			);
			buildRules = (
			);
			dependencies = (
			);
			name = TodoV2;
			packageProductDependencies = (
				8A60D69D29155E2300F69F7D /* FirebaseAuth */,
				8A60D69F29155E2300F69F7D /* FirebaseDatabase */,
				8A60D6A129155E2300F69F7D /* FirebaseFirestoreSwift */,
			);
			productName = TodoV2;
			productReference = 8A60D65529154EAE00F69F7D /* TodoV2.app */;
			productType = "com.apple.product-type.application";
		};
		8A60D66429154EAF00F69F7D /* TodoV2Tests */ = {
			isa = PBXNativeTarget;
			buildConfigurationList = 8A60D67C29154EAF00F69F7D /* Build configuration list for PBXNativeTarget "TodoV2Tests" */;
			buildPhases = (
				8A60D66129154EAF00F69F7D /* Sources */,
				8A60D66229154EAF00F69F7D /* Frameworks */,
				8A60D66329154EAF00F69F7D /* Resources */,
			);
			buildRules = (
			);
			dependencies = (
				8A60D66729154EAF00F69F7D /* PBXTargetDependency */,
			);
			name = TodoV2Tests;
			productName = TodoV2Tests;
			productReference = 8A60D66529154EAF00F69F7D /* TodoV2Tests.xctest */;
			productType = "com.apple.product-type.bundle.unit-test";
		};
		8A60D66E29154EAF00F69F7D /* TodoV2UITests */ = {
			isa = PBXNativeTarget;
			buildConfigurationList = 8A60D67F29154EAF00F69F7D /* Build configuration list for PBXNativeTarget "TodoV2UITests" */;
			buildPhases = (
				8A60D66B29154EAF00F69F7D /* Sources */,
				8A60D66C29154EAF00F69F7D /* Frameworks */,
				8A60D66D29154EAF00F69F7D /* Resources */,
			);
			buildRules = (
			);
			dependencies = (
				8A60D67129154EAF00F69F7D /* PBXTargetDependency */,
			);
			name = TodoV2UITests;
			productName = TodoV2UITests;
			productReference = 8A60D66F29154EAF00F69F7D /* TodoV2UITests.xctest */;
			productType = "com.apple.product-type.bundle.ui-testing";
		};
/* End PBXNativeTarget section */

/* Begin PBXProject section */
		8A60D64D29154EAE00F69F7D /* Project object */ = {
			isa = PBXProject;
			attributes = {
				BuildIndependentTargetsInParallel = 1;
				LastSwiftUpdateCheck = 1410;
				LastUpgradeCheck = 1410;
				TargetAttributes = {
					8A60D65429154EAE00F69F7D = {
						CreatedOnToolsVersion = 14.1;
					};
					8A60D66429154EAF00F69F7D = {
						CreatedOnToolsVersion = 14.1;
						TestTargetID = 8A60D65429154EAE00F69F7D;
					};
					8A60D66E29154EAF00F69F7D = {
						CreatedOnToolsVersion = 14.1;
						TestTargetID = 8A60D65429154EAE00F69F7D;
					};
				};
			};
			buildConfigurationList = 8A60D65029154EAE00F69F7D /* Build configuration list for PBXProject "TodoV2" */;
			compatibilityVersion = "Xcode 14.0";
			developmentRegion = en;
			hasScannedForEncodings = 0;
			knownRegions = (
				en,
				Base,
			);
			mainGroup = 8A60D64C29154EAE00F69F7D;
			packageReferences = (
				8A60D69C29155E2300F69F7D /* XCRemoteSwiftPackageReference "firebase-ios-sdk" */,
			);
			productRefGroup = 8A60D65629154EAE00F69F7D /* Products */;
			projectDirPath = "";
			projectRoot = "";
			targets = (
				8A60D65429154EAE00F69F7D /* TodoV2 */,
				8A60D66429154EAF00F69F7D /* TodoV2Tests */,
				8A60D66E29154EAF00F69F7D /* TodoV2UITests */,
			);
		};
/* End PBXProject section */

/* Begin PBXResourcesBuildPhase section */
		8A60D65329154EAE00F69F7D /* Resources */ = {
			isa = PBXResourcesBuildPhase;
			buildActionMask = 2147483647;
			files = (
				8A60D66029154EAF00F69F7D /* Preview Assets.xcassets in Resources */,
				8A60D65D29154EAF00F69F7D /* Assets.xcassets in Resources */,
				8A60D69929155D6100F69F7D /* GoogleService-Info.plist in Resources */,
			);
			runOnlyForDeploymentPostprocessing = 0;
		};
		8A60D66329154EAF00F69F7D /* Resources */ = {
			isa = PBXResourcesBuildPhase;
			buildActionMask = 2147483647;
			files = (
				8A60D69A29155D6100F69F7D /* GoogleService-Info.plist in Resources */,
			);
			runOnlyForDeploymentPostprocessing = 0;
		};
		8A60D66D29154EAF00F69F7D /* Resources */ = {
			isa = PBXResourcesBuildPhase;
			buildActionMask = 2147483647;
			files = (
				8A60D69B29155D6200F69F7D /* GoogleService-Info.plist in Resources */,
			);
			runOnlyForDeploymentPostprocessing = 0;
		};
/* End PBXResourcesBuildPhase section */

/* Begin PBXSourcesBuildPhase section */
		8A60D65129154EAE00F69F7D /* Sources */ = {
			isa = PBXSourcesBuildPhase;
			buildActionMask = 2147483647;
			files = (
				8A60D69729155C1900F69F7D /* TextGradient.swift in Sources */,
				8A60D69129155A7400F69F7D /* CustomGradient.swift in Sources */,
				8A60D68629154F2900F69F7D /* PrivateTodosView.swift in Sources */,
				8A60D69529155BAF00F69F7D /* CustomButton.swift in Sources */,
				8A60D68429154ECD00F69F7D /* SharedTodosView.swift in Sources */,
				8A60D6B52919E50100F69F7D /* MainPageView.swift in Sources */,
				8A60D65B29154EAE00F69F7D /* ContentView.swift in Sources */,
				8A60D6A429155F0200F69F7D /* DatabaseConnection.swift in Sources */,
				8A60D65929154EAE00F69F7D /* TodoV2App.swift in Sources */,
				8A60D68E29155A3300F69F7D /* SignUpView.swift in Sources */,
				8A60D6B129155F6500F69F7D /* UserDocument.swift in Sources */,
				8A60D6A929155F4E00F69F7D /* TodoModel.swift in Sources */,
				8A60D6AD29155F5A00F69F7D /* TaskModel.swift in Sources */,
				8A60D68C29155A2500F69F7D /* SignInView.swift in Sources */,
				8A60D69329155AFF00F69F7D /* CustomInput.swift in Sources */,
			);
			runOnlyForDeploymentPostprocessing = 0;
		};
		8A60D66129154EAF00F69F7D /* Sources */ = {
			isa = PBXSourcesBuildPhase;
			buildActionMask = 2147483647;
			files = (
				8A60D6AA29155F4E00F69F7D /* TodoModel.swift in Sources */,
				8A60D6A529155F0200F69F7D /* DatabaseConnection.swift in Sources */,
				8A60D6AE29155F5A00F69F7D /* TaskModel.swift in Sources */,
				8A60D6B229155F6500F69F7D /* UserDocument.swift in Sources */,
				8A60D66A29154EAF00F69F7D /* TodoV2Tests.swift in Sources */,
				8A60D6B62919E50100F69F7D /* MainPageView.swift in Sources */,
			);
			runOnlyForDeploymentPostprocessing = 0;
		};
		8A60D66B29154EAF00F69F7D /* Sources */ = {
			isa = PBXSourcesBuildPhase;
			buildActionMask = 2147483647;
			files = (
				8A60D67629154EAF00F69F7D /* TodoV2UITestsLaunchTests.swift in Sources */,
				8A60D6B329155F6500F69F7D /* UserDocument.swift in Sources */,
				8A60D6AB29155F4E00F69F7D /* TodoModel.swift in Sources */,
				8A60D6AF29155F5A00F69F7D /* TaskModel.swift in Sources */,
				8A60D6A629155F0200F69F7D /* DatabaseConnection.swift in Sources */,
				8A60D6B72919E50100F69F7D /* MainPageView.swift in Sources */,
				8A60D67429154EAF00F69F7D /* TodoV2UITests.swift in Sources */,
			);
			runOnlyForDeploymentPostprocessing = 0;
		};
/* End PBXSourcesBuildPhase section */

/* Begin PBXTargetDependency section */
		8A60D66729154EAF00F69F7D /* PBXTargetDependency */ = {
			isa = PBXTargetDependency;
			target = 8A60D65429154EAE00F69F7D /* TodoV2 */;
			targetProxy = 8A60D66629154EAF00F69F7D /* PBXContainerItemProxy */;
		};
		8A60D67129154EAF00F69F7D /* PBXTargetDependency */ = {
			isa = PBXTargetDependency;
			target = 8A60D65429154EAE00F69F7D /* TodoV2 */;
			targetProxy = 8A60D67029154EAF00F69F7D /* PBXContainerItemProxy */;
		};
/* End PBXTargetDependency section */

/* Begin XCBuildConfiguration section */
		8A60D67729154EAF00F69F7D /* Debug */ = {
			isa = XCBuildConfiguration;
			buildSettings = {
				ALWAYS_SEARCH_USER_PATHS = NO;
				CLANG_ANALYZER_NONNULL = YES;
				CLANG_ANALYZER_NUMBER_OBJECT_CONVERSION = YES_AGGRESSIVE;
				CLANG_CXX_LANGUAGE_STANDARD = "gnu++20";
				CLANG_ENABLE_MODULES = YES;
				CLANG_ENABLE_OBJC_ARC = YES;
				CLANG_ENABLE_OBJC_WEAK = YES;
				CLANG_WARN_BLOCK_CAPTURE_AUTORELEASING = YES;
				CLANG_WARN_BOOL_CONVERSION = YES;
				CLANG_WARN_COMMA = YES;
				CLANG_WARN_CONSTANT_CONVERSION = YES;
				CLANG_WARN_DEPRECATED_OBJC_IMPLEMENTATIONS = YES;
				CLANG_WARN_DIRECT_OBJC_ISA_USAGE = YES_ERROR;
				CLANG_WARN_DOCUMENTATION_COMMENTS = YES;
				CLANG_WARN_EMPTY_BODY = YES;
				CLANG_WARN_ENUM_CONVERSION = YES;
				CLANG_WARN_INFINITE_RECURSION = YES;
				CLANG_WARN_INT_CONVERSION = YES;
				CLANG_WARN_NON_LITERAL_NULL_CONVERSION = YES;
				CLANG_WARN_OBJC_IMPLICIT_RETAIN_SELF = YES;
				CLANG_WARN_OBJC_LITERAL_CONVERSION = YES;
				CLANG_WARN_OBJC_ROOT_CLASS = YES_ERROR;
				CLANG_WARN_QUOTED_INCLUDE_IN_FRAMEWORK_HEADER = YES;
				CLANG_WARN_RANGE_LOOP_ANALYSIS = YES;
				CLANG_WARN_STRICT_PROTOTYPES = YES;
				CLANG_WARN_SUSPICIOUS_MOVE = YES;
				CLANG_WARN_UNGUARDED_AVAILABILITY = YES_AGGRESSIVE;
				CLANG_WARN_UNREACHABLE_CODE = YES;
				CLANG_WARN__DUPLICATE_METHOD_MATCH = YES;
				COPY_PHASE_STRIP = NO;
				DEBUG_INFORMATION_FORMAT = dwarf;
				ENABLE_STRICT_OBJC_MSGSEND = YES;
				ENABLE_TESTABILITY = YES;
				GCC_C_LANGUAGE_STANDARD = gnu11;
				GCC_DYNAMIC_NO_PIC = NO;
				GCC_NO_COMMON_BLOCKS = YES;
				GCC_OPTIMIZATION_LEVEL = 0;
				GCC_PREPROCESSOR_DEFINITIONS = (
					"DEBUG=1",
					"$(inherited)",
				);
				GCC_WARN_64_TO_32_BIT_CONVERSION = YES;
				GCC_WARN_ABOUT_RETURN_TYPE = YES_ERROR;
				GCC_WARN_UNDECLARED_SELECTOR = YES;
				GCC_WARN_UNINITIALIZED_AUTOS = YES_AGGRESSIVE;
				GCC_WARN_UNUSED_FUNCTION = YES;
				GCC_WARN_UNUSED_VARIABLE = YES;
				IPHONEOS_DEPLOYMENT_TARGET = 16.1;
				MTL_ENABLE_DEBUG_INFO = INCLUDE_SOURCE;
				MTL_FAST_MATH = YES;
				ONLY_ACTIVE_ARCH = YES;
				SDKROOT = iphoneos;
				SWIFT_ACTIVE_COMPILATION_CONDITIONS = DEBUG;
				SWIFT_OPTIMIZATION_LEVEL = "-Onone";
			};
			name = Debug;
		};
		8A60D67829154EAF00F69F7D /* Release */ = {
			isa = XCBuildConfiguration;
			buildSettings = {
				ALWAYS_SEARCH_USER_PATHS = NO;
				CLANG_ANALYZER_NONNULL = YES;
				CLANG_ANALYZER_NUMBER_OBJECT_CONVERSION = YES_AGGRESSIVE;
				CLANG_CXX_LANGUAGE_STANDARD = "gnu++20";
				CLANG_ENABLE_MODULES = YES;
				CLANG_ENABLE_OBJC_ARC = YES;
				CLANG_ENABLE_OBJC_WEAK = YES;
				CLANG_WARN_BLOCK_CAPTURE_AUTORELEASING = YES;
				CLANG_WARN_BOOL_CONVERSION = YES;
				CLANG_WARN_COMMA = YES;
				CLANG_WARN_CONSTANT_CONVERSION = YES;
				CLANG_WARN_DEPRECATED_OBJC_IMPLEMENTATIONS = YES;
				CLANG_WARN_DIRECT_OBJC_ISA_USAGE = YES_ERROR;
				CLANG_WARN_DOCUMENTATION_COMMENTS = YES;
				CLANG_WARN_EMPTY_BODY = YES;
				CLANG_WARN_ENUM_CONVERSION = YES;
				CLANG_WARN_INFINITE_RECURSION = YES;
				CLANG_WARN_INT_CONVERSION = YES;
				CLANG_WARN_NON_LITERAL_NULL_CONVERSION = YES;
				CLANG_WARN_OBJC_IMPLICIT_RETAIN_SELF = YES;
				CLANG_WARN_OBJC_LITERAL_CONVERSION = YES;
				CLANG_WARN_OBJC_ROOT_CLASS = YES_ERROR;
				CLANG_WARN_QUOTED_INCLUDE_IN_FRAMEWORK_HEADER = YES;
				CLANG_WARN_RANGE_LOOP_ANALYSIS = YES;
				CLANG_WARN_STRICT_PROTOTYPES = YES;
				CLANG_WARN_SUSPICIOUS_MOVE = YES;
				CLANG_WARN_UNGUARDED_AVAILABILITY = YES_AGGRESSIVE;
				CLANG_WARN_UNREACHABLE_CODE = YES;
				CLANG_WARN__DUPLICATE_METHOD_MATCH = YES;
				COPY_PHASE_STRIP = NO;
				DEBUG_INFORMATION_FORMAT = "dwarf-with-dsym";
				ENABLE_NS_ASSERTIONS = NO;
				ENABLE_STRICT_OBJC_MSGSEND = YES;
				GCC_C_LANGUAGE_STANDARD = gnu11;
				GCC_NO_COMMON_BLOCKS = YES;
				GCC_WARN_64_TO_32_BIT_CONVERSION = YES;
				GCC_WARN_ABOUT_RETURN_TYPE = YES_ERROR;
				GCC_WARN_UNDECLARED_SELECTOR = YES;
				GCC_WARN_UNINITIALIZED_AUTOS = YES_AGGRESSIVE;
				GCC_WARN_UNUSED_FUNCTION = YES;
				GCC_WARN_UNUSED_VARIABLE = YES;
				IPHONEOS_DEPLOYMENT_TARGET = 16.1;
				MTL_ENABLE_DEBUG_INFO = NO;
				MTL_FAST_MATH = YES;
				SDKROOT = iphoneos;
				SWIFT_COMPILATION_MODE = wholemodule;
				SWIFT_OPTIMIZATION_LEVEL = "-O";
				VALIDATE_PRODUCT = YES;
			};
			name = Release;
		};
		8A60D67A29154EAF00F69F7D /* Debug */ = {
			isa = XCBuildConfiguration;
			buildSettings = {
				ASSETCATALOG_COMPILER_APPICON_NAME = AppIcon;
				ASSETCATALOG_COMPILER_GLOBAL_ACCENT_COLOR_NAME = AccentColor;
				CODE_SIGN_STYLE = Automatic;
				CURRENT_PROJECT_VERSION = 1;
				DEVELOPMENT_ASSET_PATHS = "\"TodoV2/Preview Content\"";
				DEVELOPMENT_TEAM = ZV78LW8473;
				ENABLE_PREVIEWS = YES;
				GENERATE_INFOPLIST_FILE = YES;
				INFOPLIST_KEY_UIApplicationSceneManifest_Generation = YES;
				INFOPLIST_KEY_UIApplicationSupportsIndirectInputEvents = YES;
				INFOPLIST_KEY_UILaunchScreen_Generation = YES;
				INFOPLIST_KEY_UISupportedInterfaceOrientations_iPad = "UIInterfaceOrientationPortrait UIInterfaceOrientationPortraitUpsideDown UIInterfaceOrientationLandscapeLeft UIInterfaceOrientationLandscapeRight";
				INFOPLIST_KEY_UISupportedInterfaceOrientations_iPhone = "UIInterfaceOrientationPortrait UIInterfaceOrientationLandscapeLeft UIInterfaceOrientationLandscapeRight";
				LD_RUNPATH_SEARCH_PATHS = (
					"$(inherited)",
					"@executable_path/Frameworks",
				);
				MARKETING_VERSION = 1.0;
				PRODUCT_BUNDLE_IDENTIFIER = com.tamanna.TodoV2;
				PRODUCT_NAME = "$(TARGET_NAME)";
				SWIFT_EMIT_LOC_STRINGS = YES;
				SWIFT_VERSION = 5.0;
				TARGETED_DEVICE_FAMILY = "1,2";
			};
			name = Debug;
		};
		8A60D67B29154EAF00F69F7D /* Release */ = {
			isa = XCBuildConfiguration;
			buildSettings = {
				ASSETCATALOG_COMPILER_APPICON_NAME = AppIcon;
				ASSETCATALOG_COMPILER_GLOBAL_ACCENT_COLOR_NAME = AccentColor;
				CODE_SIGN_STYLE = Automatic;
				CURRENT_PROJECT_VERSION = 1;
				DEVELOPMENT_ASSET_PATHS = "\"TodoV2/Preview Content\"";
				DEVELOPMENT_TEAM = ZV78LW8473;
				ENABLE_PREVIEWS = YES;
				GENERATE_INFOPLIST_FILE = YES;
				INFOPLIST_KEY_UIApplicationSceneManifest_Generation = YES;
				INFOPLIST_KEY_UIApplicationSupportsIndirectInputEvents = YES;
				INFOPLIST_KEY_UILaunchScreen_Generation = YES;
				INFOPLIST_KEY_UISupportedInterfaceOrientations_iPad = "UIInterfaceOrientationPortrait UIInterfaceOrientationPortraitUpsideDown UIInterfaceOrientationLandscapeLeft UIInterfaceOrientationLandscapeRight";
				INFOPLIST_KEY_UISupportedInterfaceOrientations_iPhone = "UIInterfaceOrientationPortrait UIInterfaceOrientationLandscapeLeft UIInterfaceOrientationLandscapeRight";
				LD_RUNPATH_SEARCH_PATHS = (
					"$(inherited)",
					"@executable_path/Frameworks",
				);
				MARKETING_VERSION = 1.0;
				PRODUCT_BUNDLE_IDENTIFIER = com.tamanna.TodoV2;
				PRODUCT_NAME = "$(TARGET_NAME)";
				SWIFT_EMIT_LOC_STRINGS = YES;
				SWIFT_VERSION = 5.0;
				TARGETED_DEVICE_FAMILY = "1,2";
			};
			name = Release;
		};
		8A60D67D29154EAF00F69F7D /* Debug */ = {
			isa = XCBuildConfiguration;
			buildSettings = {
				ALWAYS_EMBED_SWIFT_STANDARD_LIBRARIES = YES;
				BUNDLE_LOADER = "$(TEST_HOST)";
				CODE_SIGN_STYLE = Automatic;
				CURRENT_PROJECT_VERSION = 1;
				DEVELOPMENT_TEAM = ZV78LW8473;
				GENERATE_INFOPLIST_FILE = YES;
				IPHONEOS_DEPLOYMENT_TARGET = 16.1;
				MARKETING_VERSION = 1.0;
				PRODUCT_BUNDLE_IDENTIFIER = com.tamanna.TodoV2Tests;
				PRODUCT_NAME = "$(TARGET_NAME)";
				SWIFT_EMIT_LOC_STRINGS = NO;
				SWIFT_VERSION = 5.0;
				TARGETED_DEVICE_FAMILY = "1,2";
				TEST_HOST = "$(BUILT_PRODUCTS_DIR)/TodoV2.app/$(BUNDLE_EXECUTABLE_FOLDER_PATH)/TodoV2";
			};
			name = Debug;
		};
		8A60D67E29154EAF00F69F7D /* Release */ = {
			isa = XCBuildConfiguration;
			buildSettings = {
				ALWAYS_EMBED_SWIFT_STANDARD_LIBRARIES = YES;
				BUNDLE_LOADER = "$(TEST_HOST)";
				CODE_SIGN_STYLE = Automatic;
				CURRENT_PROJECT_VERSION = 1;
				DEVELOPMENT_TEAM = ZV78LW8473;
				GENERATE_INFOPLIST_FILE = YES;
				IPHONEOS_DEPLOYMENT_TARGET = 16.1;
				MARKETING_VERSION = 1.0;
				PRODUCT_BUNDLE_IDENTIFIER = com.tamanna.TodoV2Tests;
				PRODUCT_NAME = "$(TARGET_NAME)";
				SWIFT_EMIT_LOC_STRINGS = NO;
				SWIFT_VERSION = 5.0;
				TARGETED_DEVICE_FAMILY = "1,2";
				TEST_HOST = "$(BUILT_PRODUCTS_DIR)/TodoV2.app/$(BUNDLE_EXECUTABLE_FOLDER_PATH)/TodoV2";
			};
			name = Release;
		};
		8A60D68029154EAF00F69F7D /* Debug */ = {
			isa = XCBuildConfiguration;
			buildSettings = {
				ALWAYS_EMBED_SWIFT_STANDARD_LIBRARIES = YES;
				CODE_SIGN_STYLE = Automatic;
				CURRENT_PROJECT_VERSION = 1;
				DEVELOPMENT_TEAM = ZV78LW8473;
				GENERATE_INFOPLIST_FILE = YES;
				MARKETING_VERSION = 1.0;
				PRODUCT_BUNDLE_IDENTIFIER = com.tamanna.TodoV2UITests;
				PRODUCT_NAME = "$(TARGET_NAME)";
				SWIFT_EMIT_LOC_STRINGS = NO;
				SWIFT_VERSION = 5.0;
				TARGETED_DEVICE_FAMILY = "1,2";
				TEST_TARGET_NAME = TodoV2;
			};
			name = Debug;
		};
		8A60D68129154EAF00F69F7D /* Release */ = {
			isa = XCBuildConfiguration;
			buildSettings = {
				ALWAYS_EMBED_SWIFT_STANDARD_LIBRARIES = YES;
				CODE_SIGN_STYLE = Automatic;
				CURRENT_PROJECT_VERSION = 1;
				DEVELOPMENT_TEAM = ZV78LW8473;
				GENERATE_INFOPLIST_FILE = YES;
				MARKETING_VERSION = 1.0;
				PRODUCT_BUNDLE_IDENTIFIER = com.tamanna.TodoV2UITests;
				PRODUCT_NAME = "$(TARGET_NAME)";
				SWIFT_EMIT_LOC_STRINGS = NO;
				SWIFT_VERSION = 5.0;
				TARGETED_DEVICE_FAMILY = "1,2";
				TEST_TARGET_NAME = TodoV2;
			};
			name = Release;
		};
/* End XCBuildConfiguration section */

/* Begin XCConfigurationList section */
		8A60D65029154EAE00F69F7D /* Build configuration list for PBXProject "TodoV2" */ = {
			isa = XCConfigurationList;
			buildConfigurations = (
				8A60D67729154EAF00F69F7D /* Debug */,
				8A60D67829154EAF00F69F7D /* Release */,
			);
			defaultConfigurationIsVisible = 0;
			defaultConfigurationName = Release;
		};
		8A60D67929154EAF00F69F7D /* Build configuration list for PBXNativeTarget "TodoV2" */ = {
			isa = XCConfigurationList;
			buildConfigurations = (
				8A60D67A29154EAF00F69F7D /* Debug */,
				8A60D67B29154EAF00F69F7D /* Release */,
			);
			defaultConfigurationIsVisible = 0;
			defaultConfigurationName = Release;
		};
		8A60D67C29154EAF00F69F7D /* Build configuration list for PBXNativeTarget "TodoV2Tests" */ = {
			isa = XCConfigurationList;
			buildConfigurations = (
				8A60D67D29154EAF00F69F7D /* Debug */,
				8A60D67E29154EAF00F69F7D /* Release */,
			);
			defaultConfigurationIsVisible = 0;
			defaultConfigurationName = Release;
		};
		8A60D67F29154EAF00F69F7D /* Build configuration list for PBXNativeTarget "TodoV2UITests" */ = {
			isa = XCConfigurationList;
			buildConfigurations = (
				8A60D68029154EAF00F69F7D /* Debug */,
				8A60D68129154EAF00F69F7D /* Release */,
			);
			defaultConfigurationIsVisible = 0;
			defaultConfigurationName = Release;
		};
/* End XCConfigurationList section */

/* Begin XCRemoteSwiftPackageReference section */
		8A60D69C29155E2300F69F7D /* XCRemoteSwiftPackageReference "firebase-ios-sdk" */ = {
			isa = XCRemoteSwiftPackageReference;
			repositoryURL = "https://github.com/firebase/firebase-ios-sdk";
			requirement = {
				branch = master;
				kind = branch;
			};
		};
/* End XCRemoteSwiftPackageReference section */

/* Begin XCSwiftPackageProductDependency section */
		8A60D69D29155E2300F69F7D /* FirebaseAuth */ = {
			isa = XCSwiftPackageProductDependency;
			package = 8A60D69C29155E2300F69F7D /* XCRemoteSwiftPackageReference "firebase-ios-sdk" */;
			productName = FirebaseAuth;
		};
		8A60D69F29155E2300F69F7D /* FirebaseDatabase */ = {
			isa = XCSwiftPackageProductDependency;
			package = 8A60D69C29155E2300F69F7D /* XCRemoteSwiftPackageReference "firebase-ios-sdk" */;
			productName = FirebaseDatabase;
		};
		8A60D6A129155E2300F69F7D /* FirebaseFirestoreSwift */ = {
			isa = XCSwiftPackageProductDependency;
			package = 8A60D69C29155E2300F69F7D /* XCRemoteSwiftPackageReference "firebase-ios-sdk" */;
			productName = FirebaseFirestoreSwift;
		};
/* End XCSwiftPackageProductDependency section */
	};
	rootObject = 8A60D64D29154EAE00F69F7D /* Project object */;
}
